// !$*UTF8*$!
{
	archiveVersion = 1;
	classes = {
	};
	objectVersion = 46;
	objects = {

/* Begin PBXBuildFile section */
		ADE9733E1A6914D100A7FA1C /* main.m in Sources */ = {isa = PBXBuildFile; fileRef = ADE9733D1A6914D100A7FA1C /* main.m */; };
		ADE973411A6914D100A7FA1C /* AppDelegate.m in Sources */ = {isa = PBXBuildFile; fileRef = ADE973401A6914D100A7FA1C /* AppDelegate.m */; };
		ADE973431A6914D100A7FA1C /* Images.xcassets in Resources */ = {isa = PBXBuildFile; fileRef = ADE973421A6914D100A7FA1C /* Images.xcassets */; };
		ADE973461A6914D100A7FA1C /* LaunchScreen.xib in Resources */ = {isa = PBXBuildFile; fileRef = ADE973441A6914D100A7FA1C /* LaunchScreen.xib */; };
		ADE973521A6914D100A7FA1C /* DictionaryTests.m in Sources */ = {isa = PBXBuildFile; fileRef = ADE973511A6914D100A7FA1C /* DictionaryTests.m */; };
		ADE9735D1A69156E00A7FA1C /* vocabwords.txt in Resources */ = {isa = PBXBuildFile; fileRef = ADE9735C1A69156E00A7FA1C /* vocabwords.txt */; };
		ADE973601A6915DD00A7FA1C /* VOSWordsModel.m in Sources */ = {isa = PBXBuildFile; fileRef = ADE9735F1A6915DD00A7FA1C /* VOSWordsModel.m */; };
		ADE973651A691D8A00A7FA1C /* VOSWordsTableViewController.m in Sources */ = {isa = PBXBuildFile; fileRef = ADE973631A691D8A00A7FA1C /* VOSWordsTableViewController.m */; };
/* End PBXBuildFile section */

/* Begin PBXContainerItemProxy section */
		ADE9734C1A6914D100A7FA1C /* PBXContainerItemProxy */ = {
			isa = PBXContainerItemProxy;
			containerPortal = ADE973301A6914D100A7FA1C /* Project object */;
			proxyType = 1;
			remoteGlobalIDString = ADE973371A6914D100A7FA1C;
			remoteInfo = Dictionary;
		};
/* End PBXContainerItemProxy section */

/* Begin PBXFileReference section */
		ADE973381A6914D100A7FA1C /* Dictionary.app */ = {isa = PBXFileReference; explicitFileType = wrapper.application; includeInIndex = 0; path = Dictionary.app; sourceTree = BUILT_PRODUCTS_DIR; };
		ADE9733C1A6914D100A7FA1C /* Info.plist */ = {isa = PBXFileReference; lastKnownFileType = text.plist.xml; path = Info.plist; sourceTree = "<group>"; };
		ADE9733D1A6914D100A7FA1C /* main.m */ = {isa = PBXFileReference; lastKnownFileType = sourcecode.c.objc; path = main.m; sourceTree = "<group>"; };
		ADE9733F1A6914D100A7FA1C /* AppDelegate.h */ = {isa = PBXFileReference; lastKnownFileType = sourcecode.c.h; path = AppDelegate.h; sourceTree = "<group>"; };
		ADE973401A6914D100A7FA1C /* AppDelegate.m */ = {isa = PBXFileReference; lastKnownFileType = sourcecode.c.objc; path = AppDelegate.m; sourceTree = "<group>"; };
		ADE973421A6914D100A7FA1C /* Images.xcassets */ = {isa = PBXFileReference; lastKnownFileType = folder.assetcatalog; path = Images.xcassets; sourceTree = "<group>"; };
		ADE973451A6914D100A7FA1C /* Base */ = {isa = PBXFileReference; lastKnownFileType = file.xib; name = Base; path = Base.lproj/LaunchScreen.xib; sourceTree = "<group>"; };
		ADE9734B1A6914D100A7FA1C /* DictionaryTests.xctest */ = {isa = PBXFileReference; explicitFileType = wrapper.cfbundle; includeInIndex = 0; path = DictionaryTests.xctest; sourceTree = BUILT_PRODUCTS_DIR; };
		ADE973501A6914D100A7FA1C /* Info.plist */ = {isa = PBXFileReference; lastKnownFileType = text.plist.xml; path = Info.plist; sourceTree = "<group>"; };
		ADE973511A6914D100A7FA1C /* DictionaryTests.m */ = {isa = PBXFileReference; lastKnownFileType = sourcecode.c.objc; path = DictionaryTests.m; sourceTree = "<group>"; };
		ADE9735C1A69156E00A7FA1C /* vocabwords.txt */ = {isa = PBXFileReference; fileEncoding = 4; lastKnownFileType = text; path = vocabwords.txt; sourceTree = "<group>"; };
		ADE9735E1A6915DD00A7FA1C /* VOSWordsModel.h */ = {isa = PBXFileReference; fileEncoding = 4; lastKnownFileType = sourcecode.c.h; path = VOSWordsModel.h; sourceTree = "<group>"; };
		ADE9735F1A6915DD00A7FA1C /* VOSWordsModel.m */ = {isa = PBXFileReference; fileEncoding = 4; lastKnownFileType = sourcecode.c.objc; path = VOSWordsModel.m; sourceTree = "<group>"; };
		ADE973621A691D8A00A7FA1C /* VOSWordsTableViewController.h */ = {isa = PBXFileReference; fileEncoding = 4; lastKnownFileType = sourcecode.c.h; path = VOSWordsTableViewController.h; sourceTree = "<group>"; };
		ADE973631A691D8A00A7FA1C /* VOSWordsTableViewController.m */ = {isa = PBXFileReference; fileEncoding = 4; lastKnownFileType = sourcecode.c.objc; path = VOSWordsTableViewController.m; sourceTree = "<group>"; };
/* End PBXFileReference section */

/* Begin PBXFrameworksBuildPhase section */
		ADE973351A6914D100A7FA1C /* Frameworks */ = {
			isa = PBXFrameworksBuildPhase;
			buildActionMask = 2147483647;
			files = (
			);
			runOnlyForDeploymentPostprocessing = 0;
		};
		ADE973481A6914D100A7FA1C /* Frameworks */ = {
			isa = PBXFrameworksBuildPhase;
			buildActionMask = 2147483647;
			files = (
			);
			runOnlyForDeploymentPostprocessing = 0;
		};
/* End PBXFrameworksBuildPhase section */

/* Begin PBXGroup section */
		ADE9732F1A6914D100A7FA1C = {
			isa = PBXGroup;
			children = (
				ADE9733A1A6914D100A7FA1C /* Dictionary */,
				ADE9734E1A6914D100A7FA1C /* DictionaryTests */,
				ADE973391A6914D100A7FA1C /* Products */,
			);
			sourceTree = "<group>";
		};
		ADE973391A6914D100A7FA1C /* Products */ = {
			isa = PBXGroup;
			children = (
				ADE973381A6914D100A7FA1C /* Dictionary.app */,
				ADE9734B1A6914D100A7FA1C /* DictionaryTests.xctest */,
			);
			name = Products;
			sourceTree = "<group>";
		};
		ADE9733A1A6914D100A7FA1C /* Dictionary */ = {
			isa = PBXGroup;
			children = (
				ADE9733F1A6914D100A7FA1C /* AppDelegate.h */,
				ADE973401A6914D100A7FA1C /* AppDelegate.m */,
				ADE973421A6914D100A7FA1C /* Images.xcassets */,
				ADE973441A6914D100A7FA1C /* LaunchScreen.xib */,
				ADE973671A691D9300A7FA1C /* Controllers */,
				ADE9735B1A69153900A7FA1C /* Resources */,
				ADE9733B1A6914D100A7FA1C /* Supporting Files */,
				ADE973611A6915E600A7FA1C /* Models */,
			);
			path = Dictionary;
			sourceTree = "<group>";
		};
		ADE9733B1A6914D100A7FA1C /* Supporting Files */ = {
			isa = PBXGroup;
			children = (
				ADE9733C1A6914D100A7FA1C /* Info.plist */,
				ADE9733D1A6914D100A7FA1C /* main.m */,
			);
			name = "Supporting Files";
			sourceTree = "<group>";
		};
		ADE9734E1A6914D100A7FA1C /* DictionaryTests */ = {
			isa = PBXGroup;
			children = (
				ADE973511A6914D100A7FA1C /* DictionaryTests.m */,
				ADE9734F1A6914D100A7FA1C /* Supporting Files */,
			);
			path = DictionaryTests;
			sourceTree = "<group>";
		};
		ADE9734F1A6914D100A7FA1C /* Supporting Files */ = {
			isa = PBXGroup;
			children = (
				ADE973501A6914D100A7FA1C /* Info.plist */,
			);
			name = "Supporting Files";
			sourceTree = "<group>";
		};
		ADE9735B1A69153900A7FA1C /* Resources */ = {
			isa = PBXGroup;
			children = (
				ADE9735C1A69156E00A7FA1C /* vocabwords.txt */,
			);
			name = Resources;
			sourceTree = "<group>";
		};
		ADE973611A6915E600A7FA1C /* Models */ = {
			isa = PBXGroup;
			children = (
				ADE9735E1A6915DD00A7FA1C /* VOSWordsModel.h */,
				ADE9735F1A6915DD00A7FA1C /* VOSWordsModel.m */,
			);
			name = Models;
			sourceTree = "<group>";
		};
		ADE973671A691D9300A7FA1C /* Controllers */ = {
			isa = PBXGroup;
			children = (
				ADE973621A691D8A00A7FA1C /* VOSWordsTableViewController.h */,
				ADE973631A691D8A00A7FA1C /* VOSWordsTableViewController.m */,
			);
			name = Controllers;
			sourceTree = "<group>";
		};
/* End PBXGroup section */

/* Begin PBXNativeTarget section */
		ADE973371A6914D100A7FA1C /* Dictionary */ = {
			isa = PBXNativeTarget;
			buildConfigurationList = ADE973551A6914D100A7FA1C /* Build configuration list for PBXNativeTarget "Dictionary" */;
			buildPhases = (
				ADE973341A6914D100A7FA1C /* Sources */,
				ADE973351A6914D100A7FA1C /* Frameworks */,
				ADE973361A6914D100A7FA1C /* Resources */,
			);
			buildRules = (
			);
			dependencies = (
			);
			name = Dictionary;
			productName = Dictionary;
			productReference = ADE973381A6914D100A7FA1C /* Dictionary.app */;
			productType = "com.apple.product-type.application";
		};
		ADE9734A1A6914D100A7FA1C /* DictionaryTests */ = {
			isa = PBXNativeTarget;
			buildConfigurationList = ADE973581A6914D100A7FA1C /* Build configuration list for PBXNativeTarget "DictionaryTests" */;
			buildPhases = (
				ADE973471A6914D100A7FA1C /* Sources */,
				ADE973481A6914D100A7FA1C /* Frameworks */,
				ADE973491A6914D100A7FA1C /* Resources */,
			);
			buildRules = (
			);
			dependencies = (
				ADE9734D1A6914D100A7FA1C /* PBXTargetDependency */,
			);
			name = DictionaryTests;
			productName = DictionaryTests;
			productReference = ADE9734B1A6914D100A7FA1C /* DictionaryTests.xctest */;
			productType = "com.apple.product-type.bundle.unit-test";
		};
/* End PBXNativeTarget section */

/* Begin PBXProject section */
		ADE973301A6914D100A7FA1C /* Project object */ = {
			isa = PBXProject;
			attributes = {
				LastUpgradeCheck = 0610;
				ORGANIZATIONNAME = "Vicente Oliva de la Serna";
				TargetAttributes = {
					ADE973371A6914D100A7FA1C = {
						CreatedOnToolsVersion = 6.1.1;
					};
					ADE9734A1A6914D100A7FA1C = {
						CreatedOnToolsVersion = 6.1.1;
						TestTargetID = ADE973371A6914D100A7FA1C;
					};
				};
			};
			buildConfigurationList = ADE973331A6914D100A7FA1C /* Build configuration list for PBXProject "Dictionary" */;
			compatibilityVersion = "Xcode 3.2";
			developmentRegion = English;
			hasScannedForEncodings = 0;
			knownRegions = (
				en,
				Base,
			);
			mainGroup = ADE9732F1A6914D100A7FA1C;
			productRefGroup = ADE973391A6914D100A7FA1C /* Products */;
			projectDirPath = "";
			projectRoot = "";
			targets = (
				ADE973371A6914D100A7FA1C /* Dictionary */,
				ADE9734A1A6914D100A7FA1C /* DictionaryTests */,
			);
		};
/* End PBXProject section */

/* Begin PBXResourcesBuildPhase section */
		ADE973361A6914D100A7FA1C /* Resources */ = {
			isa = PBXResourcesBuildPhase;
			buildActionMask = 2147483647;
			files = (
				ADE973461A6914D100A7FA1C /* LaunchScreen.xib in Resources */,
				ADE9735D1A69156E00A7FA1C /* vocabwords.txt in Resources */,
				ADE973431A6914D100A7FA1C /* Images.xcassets in Resources */,
			);
			runOnlyForDeploymentPostprocessing = 0;
		};
		ADE973491A6914D100A7FA1C /* Resources */ = {
			isa = PBXResourcesBuildPhase;
			buildActionMask = 2147483647;
			files = (
			);
			runOnlyForDeploymentPostprocessing = 0;
		};
/* End PBXResourcesBuildPhase section */

/* Begin PBXSourcesBuildPhase section */
		ADE973341A6914D100A7FA1C /* Sources */ = {
			isa = PBXSourcesBuildPhase;
			buildActionMask = 2147483647;
			files = (
				ADE973411A6914D100A7FA1C /* AppDelegate.m in Sources */,
				ADE973601A6915DD00A7FA1C /* VOSWordsModel.m in Sources */,
				ADE973651A691D8A00A7FA1C /* VOSWordsTableViewController.m in Sources */,
				ADE9733E1A6914D100A7FA1C /* main.m in Sources */,
			);
			runOnlyForDeploymentPostprocessing = 0;
		};
		ADE973471A6914D100A7FA1C /* Sources */ = {
			isa = PBXSourcesBuildPhase;
			buildActionMask = 2147483647;
			files = (
				ADE973521A6914D100A7FA1C /* DictionaryTests.m in Sources */,
			);
			runOnlyForDeploymentPostprocessing = 0;
		};
/* End PBXSourcesBuildPhase section */

/* Begin PBXTargetDependency section */
		ADE9734D1A6914D100A7FA1C /* PBXTargetDependency */ = {
			isa = PBXTargetDependency;
			target = ADE973371A6914D100A7FA1C /* Dictionary */;
			targetProxy = ADE9734C1A6914D100A7FA1C /* PBXContainerItemProxy */;
		};
/* End PBXTargetDependency section */

/* Begin PBXVariantGroup section */
		ADE973441A6914D100A7FA1C /* LaunchScreen.xib */ = {
			isa = PBXVariantGroup;
			children = (
				ADE973451A6914D100A7FA1C /* Base */,
			);
			name = LaunchScreen.xib;
			sourceTree = "<group>";
		};
/* End PBXVariantGroup section */

/* Begin XCBuildConfiguration section */
		ADE973531A6914D100A7FA1C /* Debug */ = {
			isa = XCBuildConfiguration;
			buildSettings = {
				ALWAYS_SEARCH_USER_PATHS = NO;
				CLANG_CXX_LANGUAGE_STANDARD = "gnu++0x";
				CLANG_CXX_LIBRARY = "libc++";
				CLANG_ENABLE_MODULES = YES;
				CLANG_ENABLE_OBJC_ARC = YES;
				CLANG_WARN_BOOL_CONVERSION = YES;
				CLANG_WARN_CONSTANT_CONVERSION = YES;
				CLANG_WARN_DIRECT_OBJC_ISA_USAGE = YES_ERROR;
				CLANG_WARN_EMPTY_BODY = YES;
				CLANG_WARN_ENUM_CONVERSION = YES;
				CLANG_WARN_INT_CONVERSION = YES;
				CLANG_WARN_OBJC_ROOT_CLASS = YES_ERROR;
				CLANG_WARN_UNREACHABLE_CODE = YES;
				CLANG_WARN__DUPLICATE_METHOD_MATCH = YES;
				"CODE_SIGN_IDENTITY[sdk=iphoneos*]" = "iPhone Developer";
				COPY_PHASE_STRIP = NO;
				ENABLE_STRICT_OBJC_MSGSEND = YES;
				GCC_C_LANGUAGE_STANDARD = gnu99;
				GCC_DYNAMIC_NO_PIC = NO;
				GCC_OPTIMIZATION_LEVEL = 0;
				GCC_PREPROCESSOR_DEFINITIONS = (
					"DEBUG=1",
					"$(inherited)",
				);
				GCC_SYMBOLS_PRIVATE_EXTERN = NO;
				GCC_WARN_64_TO_32_BIT_CONVERSION = YES;
				GCC_WARN_ABOUT_RETURN_TYPE = YES_ERROR;
				GCC_WARN_UNDECLARED_SELECTOR = YES;
				GCC_WARN_UNINITIALIZED_AUTOS = YES_AGGRESSIVE;
				GCC_WARN_UNUSED_FUNCTION = YES;
				GCC_WARN_UNUSED_VARIABLE = YES;
				IPHONEOS_DEPLOYMENT_TARGET = 8.1;
				MTL_ENABLE_DEBUG_INFO = YES;
				ONLY_ACTIVE_ARCH = YES;
				SDKROOT = iphoneos;
				TARGETED_DEVICE_FAMILY = 2;
			};
			name = Debug;
		};
		ADE973541A6914D100A7FA1C /* Release */ = {
			isa = XCBuildConfiguration;
			buildSettings = {
				ALWAYS_SEARCH_USER_PATHS = NO;
				CLANG_CXX_LANGUAGE_STANDARD = "gnu++0x";
				CLANG_CXX_LIBRARY = "libc++";
				CLANG_ENABLE_MODULES = YES;
				CLANG_ENABLE_OBJC_ARC = YES;
				CLANG_WARN_BOOL_CONVERSION = YES;
				CLANG_WARN_CONSTANT_CONVERSION = YES;
				CLANG_WARN_DIRECT_OBJC_ISA_USAGE = YES_ERROR;
				CLANG_WARN_EMPTY_BODY = YES;
				CLANG_WARN_ENUM_CONVERSION = YES;
				CLANG_WARN_INT_CONVERSION = YES;
				CLANG_WARN_OBJC_ROOT_CLASS = YES_ERROR;
				CLANG_WARN_UNREACHABLE_CODE = YES;
				CLANG_WARN__DUPLICATE_METHOD_MATCH = YES;
				"CODE_SIGN_IDENTITY[sdk=iphoneos*]" = "iPhone Developer";
				COPY_PHASE_STRIP = YES;
				ENABLE_NS_ASSERTIONS = NO;
				ENABLE_STRICT_OBJC_MSGSEND = YES;
				GCC_C_LANGUAGE_STANDARD = gnu99;
				GCC_WARN_64_TO_32_BIT_CONVERSION = YES;
				GCC_WARN_ABOUT_RETURN_TYPE = YES_ERROR;
				GCC_WARN_UNDECLARED_SELECTOR = YES;
				GCC_WARN_UNINITIALIZED_AUTOS = YES_AGGRESSIVE;
				GCC_WARN_UNUSED_FUNCTION = YES;
				GCC_WARN_UNUSED_VARIABLE = YES;
				IPHONEOS_DEPLOYMENT_TARGET = 8.1;
				MTL_ENABLE_DEBUG_INFO = NO;
				SDKROOT = iphoneos;
				TARGETED_DEVICE_FAMILY = 2;
				VALIDATE_PRODUCT = YES;
			};
			name = Release;
		};
		ADE973561A6914D100A7FA1C /* Debug */ = {
			isa = XCBuildConfiguration;
			buildSettings = {
				ASSETCATALOG_COMPILER_APPICON_NAME = AppIcon;
				INFOPLIST_FILE = Dictionary/Info.plist;
				LD_RUNPATH_SEARCH_PATHS = "$(inherited) @executable_path/Frameworks";
				PRODUCT_NAME = "$(TARGET_NAME)";
			};
			name = Debug;
		};
		ADE973571A6914D100A7FA1C /* Release */ = {
			isa = XCBuildConfiguration;
			buildSettings = {
				ASSETCATALOG_COMPILER_APPICON_NAME = AppIcon;
				INFOPLIST_FILE = Dictionary/Info.plist;
				LD_RUNPATH_SEARCH_PATHS = "$(inherited) @executable_path/Frameworks";
				PRODUCT_NAME = "$(TARGET_NAME)";
			};
			name = Release;
		};
		ADE973591A6914D100A7FA1C /* Debug */ = {
			isa = XCBuildConfiguration;
			buildSettings = {
				BUNDLE_LOADER = "$(TEST_HOST)";
				FRAMEWORK_SEARCH_PATHS = (
					"$(SDKROOT)/Developer/Library/Frameworks",
					"$(inherited)",
				);
				GCC_PREPROCESSOR_DEFINITIONS = (
					"DEBUG=1",
					"$(inherited)",
				);
				INFOPLIST_FILE = DictionaryTests/Info.plist;
				LD_RUNPATH_SEARCH_PATHS = "$(inherited) @executable_path/Frameworks @loader_path/Frameworks";
				PRODUCT_NAME = "$(TARGET_NAME)";
				TEST_HOST = "$(BUILT_PRODUCTS_DIR)/Dictionary.app/Dictionary";
			};
			name = Debug;
		};
		ADE9735A1A6914D100A7FA1C /* Release */ = {
			isa = XCBuildConfiguration;
			buildSettings = {
				BUNDLE_LOADER = "$(TEST_HOST)";
				FRAMEWORK_SEARCH_PATHS = (
					"$(SDKROOT)/Developer/Library/Frameworks",
					"$(inherited)",
				);
				INFOPLIST_FILE = DictionaryTests/Info.plist;
				LD_RUNPATH_SEARCH_PATHS = "$(inherited) @executable_path/Frameworks @loader_path/Frameworks";
				PRODUCT_NAME = "$(TARGET_NAME)";
				TEST_HOST = "$(BUILT_PRODUCTS_DIR)/Dictionary.app/Dictionary";
			};
			name = Release;
		};
/* End XCBuildConfiguration section */

/* Begin XCConfigurationList section */
		ADE973331A6914D100A7FA1C /* Build configuration list for PBXProject "Dictionary" */ = {
			isa = XCConfigurationList;
			buildConfigurations = (
				ADE973531A6914D100A7FA1C /* Debug */,
				ADE973541A6914D100A7FA1C /* Release */,
			);
			defaultConfigurationIsVisible = 0;
			defaultConfigurationName = Release;
		};
		ADE973551A6914D100A7FA1C /* Build configuration list for PBXNativeTarget "Dictionary" */ = {
			isa = XCConfigurationList;
			buildConfigurations = (
				ADE973561A6914D100A7FA1C /* Debug */,
				ADE973571A6914D100A7FA1C /* Release */,
			);
			defaultConfigurationIsVisible = 0;
		};
		ADE973581A6914D100A7FA1C /* Build configuration list for PBXNativeTarget "DictionaryTests" */ = {
			isa = XCConfigurationList;
			buildConfigurations = (
				ADE973591A6914D100A7FA1C /* Debug */,
				ADE9735A1A6914D100A7FA1C /* Release */,
			);
			defaultConfigurationIsVisible = 0;
		};
/* End XCConfigurationList section */
	};
	rootObject = ADE973301A6914D100A7FA1C /* Project object */;
}
